
Microsoft Visual Studio Solution File, Format Version 12.00
# Visual Studio Version 16
VisualStudioVersion = 16.0.30225.117
MinimumVisualStudioVersion = 10.0.40219.1
Project("{FAE04EC0-301F-11D3-BF4B-00C04F79EFBC}") = "SystemCommandLine.Demo", "SystemCommandLine.Demo\SystemCommandLine.Demo.csproj", "{8475A0D5-AB76-4CCD-BFD6-439D1725EE7F}"
EndProject
Global
	GlobalSection(SolutionConfigurationPlatforms) = preSolution
		Debug|Any CPU = Debug|Any CPU
		Release|Any CPU = Release|Any CPU
	EndGlobalSection
	GlobalSection(ProjectConfigurationPlatforms) = postSolution
		{8475A0D5-AB76-4CCD-BFD6-439D1725EE7F}.Debug|Any CPU.ActiveCfg = Debug|Any CPU
		{8475A0D5-AB76-4CCD-BFD6-439D1725EE7F}.Debug|Any CPU.Build.0 = Debug|Any CPU
		{8475A0D5-AB76-4CCD-BFD6-439D1725EE7F}.Release|Any CPU.ActiveCfg = Release|Any CPU
		{8475A0D5-AB76-4CCD-BFD6-439D1725EE7F}.Release|Any CPU.Build.0 = Release|Any CPU
	EndGlobalSection
	GlobalSection(SolutionProperties) = preSolution
		HideSolutionNode = FALSE
	EndGlobalSection
	GlobalSection(ExtensibilityGlobals) = postSolution
		SolutionGuid = {DD686972-BC17-48D6-9F41-E01D880ECC7E}
	EndGlobalSection
EndGlobal
